// !$*UTF8*$!
{
	archiveVersion = 1;
	classes = {
	};
	objectVersion = 46;
	objects = {

/* Begin PBXBuildFile section */
		092993691D9FE5C400DA3EB7 /* DipGenFramework.framework in Frameworks */ = {isa = PBXBuildFile; fileRef = 092993601D9FE5C300DA3EB7 /* DipGenFramework.framework */; };
		092993701D9FE5C400DA3EB7 /* DipGenFramework.h in Headers */ = {isa = PBXBuildFile; fileRef = 092993621D9FE5C400DA3EB7 /* DipGenFramework.h */; settings = {ATTRIBUTES = (Public, ); }; };
		092993781D9FE5FC00DA3EB7 /* Templates.swift in Sources */ = {isa = PBXBuildFile; fileRef = 092993771D9FE5FC00DA3EB7 /* Templates.swift */; };
		0929937C1D9FE66600DA3EB7 /* Annotations.swift in Sources */ = {isa = PBXBuildFile; fileRef = 0929937B1D9FE66600DA3EB7 /* Annotations.swift */; };
		0929937E1D9FE6F800DA3EB7 /* SourceKittenExtensions.swift in Sources */ = {isa = PBXBuildFile; fileRef = 0929937D1D9FE6F800DA3EB7 /* SourceKittenExtensions.swift */; };
		092993801D9FE72F00DA3EB7 /* CodeGenerator.swift in Sources */ = {isa = PBXBuildFile; fileRef = 0929937F1D9FE72F00DA3EB7 /* CodeGenerator.swift */; };
		0958B9461DA5997D008C4C37 /* Dip.container.stencil in Resources */ = {isa = PBXBuildFile; fileRef = 0958B9451DA5997D008C4C37 /* Dip.container.stencil */; };
		0958B9851DA5A29D008C4C37 /* PathKit.swift in Sources */ = {isa = PBXBuildFile; fileRef = 0958B9841DA5A29D008C4C37 /* PathKit.swift */; };
		0958B9861DA5A30E008C4C37 /* Context.swift in Sources */ = {isa = PBXBuildFile; fileRef = 0958B96C1DA5A276008C4C37 /* Context.swift */; };
		0958B9871DA5A30E008C4C37 /* Filters.swift in Sources */ = {isa = PBXBuildFile; fileRef = 0958B96D1DA5A276008C4C37 /* Filters.swift */; };
		0958B9881DA5A30E008C4C37 /* Include.swift in Sources */ = {isa = PBXBuildFile; fileRef = 0958B96E1DA5A276008C4C37 /* Include.swift */; };
		0958B9891DA5A30E008C4C37 /* Inheritence.swift in Sources */ = {isa = PBXBuildFile; fileRef = 0958B96F1DA5A276008C4C37 /* Inheritence.swift */; };
		0958B98A1DA5A30E008C4C37 /* Lexer.swift in Sources */ = {isa = PBXBuildFile; fileRef = 0958B9701DA5A276008C4C37 /* Lexer.swift */; };
		0958B98B1DA5A30E008C4C37 /* Namespace.swift in Sources */ = {isa = PBXBuildFile; fileRef = 0958B9711DA5A276008C4C37 /* Namespace.swift */; };
		0958B98C1DA5A30E008C4C37 /* Node.swift in Sources */ = {isa = PBXBuildFile; fileRef = 0958B9721DA5A276008C4C37 /* Node.swift */; };
		0958B98D1DA5A30E008C4C37 /* Parser.swift in Sources */ = {isa = PBXBuildFile; fileRef = 0958B9731DA5A276008C4C37 /* Parser.swift */; };
		0958B98E1DA5A30E008C4C37 /* Template.swift in Sources */ = {isa = PBXBuildFile; fileRef = 0958B9741DA5A276008C4C37 /* Template.swift */; };
		0958B98F1DA5A30E008C4C37 /* TemplateLoader.swift in Sources */ = {isa = PBXBuildFile; fileRef = 0958B9751DA5A276008C4C37 /* TemplateLoader.swift */; };
		0958B9901DA5A30E008C4C37 /* Tokenizer.swift in Sources */ = {isa = PBXBuildFile; fileRef = 0958B9761DA5A276008C4C37 /* Tokenizer.swift */; };
		0958B9911DA5A30E008C4C37 /* Variable.swift in Sources */ = {isa = PBXBuildFile; fileRef = 0958B9771DA5A276008C4C37 /* Variable.swift */; };
		0980D9261D9FF8CF0088923B /* StringExtensions.swift in Sources */ = {isa = PBXBuildFile; fileRef = 0980D9251D9FF8CF0088923B /* StringExtensions.swift */; };
		0980D92C1DA008050088923B /* SourceKittenFramework.framework in Frameworks */ = {isa = PBXBuildFile; fileRef = 649CABF91D7EDA3F00AA3C44 /* SourceKittenFramework.framework */; };
		0980D92D1DA008050088923B /* SWXMLHash.framework in Frameworks */ = {isa = PBXBuildFile; fileRef = 649CABFA1D7EDA3F00AA3C44 /* SWXMLHash.framework */; };
		0980D92E1DA008050088923B /* Yaml.framework in Frameworks */ = {isa = PBXBuildFile; fileRef = 649CABFB1D7EDA3F00AA3C44 /* Yaml.framework */; };
		0980D97F1DA108AC0088923B /* Environment.swift in Sources */ = {isa = PBXBuildFile; fileRef = 0980D9591DA038920088923B /* Environment.swift */; };
		0980D9801DA108AC0088923B /* XCProjectFileExtensions.swift in Sources */ = {isa = PBXBuildFile; fileRef = 0980D95B1DA039020088923B /* XCProjectFileExtensions.swift */; };
		0980D9811DA108AC0088923B /* main.swift in Sources */ = {isa = PBXBuildFile; fileRef = 649CABF21D7ED9E700AA3C44 /* main.swift */; };
		0980D9821DA108DE0088923B /* DipGenFramework.framework in Frameworks */ = {isa = PBXBuildFile; fileRef = 092993601D9FE5C300DA3EB7 /* DipGenFramework.framework */; };
		0980D9831DA108E40088923B /* Xcode.framework in Frameworks */ = {isa = PBXBuildFile; fileRef = 0980D9361DA022760088923B /* Xcode.framework */; };
		0980D9841DA108E40088923B /* SourceKittenFramework.framework in Frameworks */ = {isa = PBXBuildFile; fileRef = 649CABF91D7EDA3F00AA3C44 /* SourceKittenFramework.framework */; };
		0980D9851DA108E40088923B /* SWXMLHash.framework in Frameworks */ = {isa = PBXBuildFile; fileRef = 649CABFA1D7EDA3F00AA3C44 /* SWXMLHash.framework */; };
		0980D9861DA108E40088923B /* Yaml.framework in Frameworks */ = {isa = PBXBuildFile; fileRef = 649CABFB1D7EDA3F00AA3C44 /* Yaml.framework */; };
		0980D9891DA109720088923B /* DipGenFramework.framework in Embed Frameworks */ = {isa = PBXBuildFile; fileRef = 092993601D9FE5C300DA3EB7 /* DipGenFramework.framework */; settings = {ATTRIBUTES = (CodeSignOnCopy, RemoveHeadersOnCopy, ); }; };
		0980D98B1DA109A80088923B /* Xcode.framework in Embed Frameworks into DipGenFramework */ = {isa = PBXBuildFile; fileRef = 0980D9361DA022760088923B /* Xcode.framework */; settings = {ATTRIBUTES = (CodeSignOnCopy, RemoveHeadersOnCopy, ); }; };
		0980D98C1DA109A90088923B /* SourceKittenFramework.framework in Embed Frameworks into DipGenFramework */ = {isa = PBXBuildFile; fileRef = 649CABF91D7EDA3F00AA3C44 /* SourceKittenFramework.framework */; settings = {ATTRIBUTES = (CodeSignOnCopy, RemoveHeadersOnCopy, ); }; };
		0980D98D1DA109A90088923B /* SWXMLHash.framework in Embed Frameworks into DipGenFramework */ = {isa = PBXBuildFile; fileRef = 649CABFA1D7EDA3F00AA3C44 /* SWXMLHash.framework */; settings = {ATTRIBUTES = (CodeSignOnCopy, RemoveHeadersOnCopy, ); }; };
		0980D98E1DA109A90088923B /* Yaml.framework in Embed Frameworks into DipGenFramework */ = {isa = PBXBuildFile; fileRef = 649CABFB1D7EDA3F00AA3C44 /* Yaml.framework */; settings = {ATTRIBUTES = (CodeSignOnCopy, RemoveHeadersOnCopy, ); }; };
		09AD600A1DA6C53200AA0076 /* Dip.generated.stencil in Resources */ = {isa = PBXBuildFile; fileRef = 09AD60091DA6C53200AA0076 /* Dip.generated.stencil */; };
/* End PBXBuildFile section */

/* Begin PBXContainerItemProxy section */
		0929936A1D9FE5C400DA3EB7 /* PBXContainerItemProxy */ = {
			isa = PBXContainerItemProxy;
			containerPortal = 649CABE71D7ED9E700AA3C44 /* Project object */;
			proxyType = 1;
			remoteGlobalIDString = 0929935F1D9FE5C300DA3EB7;
			remoteInfo = DipGenFramework;
		};
		0980D97D1DA1089F0088923B /* PBXContainerItemProxy */ = {
			isa = PBXContainerItemProxy;
			containerPortal = 649CABE71D7ED9E700AA3C44 /* Project object */;
			proxyType = 1;
			remoteGlobalIDString = 0929935F1D9FE5C300DA3EB7;
			remoteInfo = DipGenFramework;
		};
		09DEBC5C1DA026DB00FC81D9 /* PBXContainerItemProxy */ = {
			isa = PBXContainerItemProxy;
			containerPortal = 0980D93F1DA026670088923B /* DipGenTest.xcodeproj */;
			proxyType = 2;
			remoteGlobalIDString = 0980D94A1DA026BB0088923B;
			remoteInfo = DipGenTest;
		};
/* End PBXContainerItemProxy section */

/* Begin PBXCopyFilesBuildPhase section */
		0980D9881DA1095F0088923B /* Embed Frameworks */ = {
			isa = PBXCopyFilesBuildPhase;
			buildActionMask = 2147483647;
			dstPath = "";
			dstSubfolderSpec = 10;
			files = (
				0980D9891DA109720088923B /* DipGenFramework.framework in Embed Frameworks */,
			);
			name = "Embed Frameworks";
			runOnlyForDeploymentPostprocessing = 0;
		};
		0980D98A1DA109830088923B /* Embed Frameworks into DipGenFramework */ = {
			isa = PBXCopyFilesBuildPhase;
			buildActionMask = 2147483647;
			dstPath = DipGenFramework.framework/Versions/Current/Frameworks;
			dstSubfolderSpec = 10;
			files = (
				0980D98B1DA109A80088923B /* Xcode.framework in Embed Frameworks into DipGenFramework */,
				0980D98C1DA109A90088923B /* SourceKittenFramework.framework in Embed Frameworks into DipGenFramework */,
				0980D98D1DA109A90088923B /* SWXMLHash.framework in Embed Frameworks into DipGenFramework */,
				0980D98E1DA109A90088923B /* Yaml.framework in Embed Frameworks into DipGenFramework */,
			);
			name = "Embed Frameworks into DipGenFramework";
			runOnlyForDeploymentPostprocessing = 0;
		};
/* End PBXCopyFilesBuildPhase section */

/* Begin PBXFileReference section */
		092993601D9FE5C300DA3EB7 /* DipGenFramework.framework */ = {isa = PBXFileReference; explicitFileType = wrapper.framework; includeInIndex = 0; path = DipGenFramework.framework; sourceTree = BUILT_PRODUCTS_DIR; };
		092993621D9FE5C400DA3EB7 /* DipGenFramework.h */ = {isa = PBXFileReference; lastKnownFileType = sourcecode.c.h; path = DipGenFramework.h; sourceTree = "<group>"; };
		092993631D9FE5C400DA3EB7 /* Info.plist */ = {isa = PBXFileReference; lastKnownFileType = text.plist.xml; path = Info.plist; sourceTree = "<group>"; };
		092993681D9FE5C400DA3EB7 /* DipGenFrameworkTests.xctest */ = {isa = PBXFileReference; explicitFileType = wrapper.cfbundle; includeInIndex = 0; path = DipGenFrameworkTests.xctest; sourceTree = BUILT_PRODUCTS_DIR; };
		0929936F1D9FE5C400DA3EB7 /* Info.plist */ = {isa = PBXFileReference; lastKnownFileType = text.plist.xml; path = Info.plist; sourceTree = "<group>"; };
		092993771D9FE5FC00DA3EB7 /* Templates.swift */ = {isa = PBXFileReference; fileEncoding = 4; lastKnownFileType = sourcecode.swift; lineEnding = 0; path = Templates.swift; sourceTree = "<group>"; xcLanguageSpecificationIdentifier = xcode.lang.swift; };
		0929937B1D9FE66600DA3EB7 /* Annotations.swift */ = {isa = PBXFileReference; fileEncoding = 4; lastKnownFileType = sourcecode.swift; path = Annotations.swift; sourceTree = "<group>"; };
		0929937D1D9FE6F800DA3EB7 /* SourceKittenExtensions.swift */ = {isa = PBXFileReference; fileEncoding = 4; lastKnownFileType = sourcecode.swift; path = SourceKittenExtensions.swift; sourceTree = "<group>"; };
		0929937F1D9FE72F00DA3EB7 /* CodeGenerator.swift */ = {isa = PBXFileReference; fileEncoding = 4; lastKnownFileType = sourcecode.swift; lineEnding = 0; path = CodeGenerator.swift; sourceTree = "<group>"; xcLanguageSpecificationIdentifier = xcode.lang.swift; };
		0958B9451DA5997D008C4C37 /* Dip.container.stencil */ = {isa = PBXFileReference; fileEncoding = 4; lastKnownFileType = text; path = Dip.container.stencil; sourceTree = "<group>"; };
		0958B96C1DA5A276008C4C37 /* Context.swift */ = {isa = PBXFileReference; fileEncoding = 4; lastKnownFileType = sourcecode.swift; path = Context.swift; sourceTree = "<group>"; };
		0958B96D1DA5A276008C4C37 /* Filters.swift */ = {isa = PBXFileReference; fileEncoding = 4; lastKnownFileType = sourcecode.swift; path = Filters.swift; sourceTree = "<group>"; };
		0958B96E1DA5A276008C4C37 /* Include.swift */ = {isa = PBXFileReference; fileEncoding = 4; lastKnownFileType = sourcecode.swift; path = Include.swift; sourceTree = "<group>"; };
		0958B96F1DA5A276008C4C37 /* Inheritence.swift */ = {isa = PBXFileReference; fileEncoding = 4; lastKnownFileType = sourcecode.swift; path = Inheritence.swift; sourceTree = "<group>"; };
		0958B9701DA5A276008C4C37 /* Lexer.swift */ = {isa = PBXFileReference; fileEncoding = 4; lastKnownFileType = sourcecode.swift; path = Lexer.swift; sourceTree = "<group>"; };
		0958B9711DA5A276008C4C37 /* Namespace.swift */ = {isa = PBXFileReference; fileEncoding = 4; lastKnownFileType = sourcecode.swift; path = Namespace.swift; sourceTree = "<group>"; };
		0958B9721DA5A276008C4C37 /* Node.swift */ = {isa = PBXFileReference; fileEncoding = 4; lastKnownFileType = sourcecode.swift; path = Node.swift; sourceTree = "<group>"; };
		0958B9731DA5A276008C4C37 /* Parser.swift */ = {isa = PBXFileReference; fileEncoding = 4; lastKnownFileType = sourcecode.swift; path = Parser.swift; sourceTree = "<group>"; };
		0958B9741DA5A276008C4C37 /* Template.swift */ = {isa = PBXFileReference; fileEncoding = 4; lastKnownFileType = sourcecode.swift; path = Template.swift; sourceTree = "<group>"; };
		0958B9751DA5A276008C4C37 /* TemplateLoader.swift */ = {isa = PBXFileReference; fileEncoding = 4; lastKnownFileType = sourcecode.swift; path = TemplateLoader.swift; sourceTree = "<group>"; };
		0958B9761DA5A276008C4C37 /* Tokenizer.swift */ = {isa = PBXFileReference; fileEncoding = 4; lastKnownFileType = sourcecode.swift; path = Tokenizer.swift; sourceTree = "<group>"; };
		0958B9771DA5A276008C4C37 /* Variable.swift */ = {isa = PBXFileReference; fileEncoding = 4; lastKnownFileType = sourcecode.swift; path = Variable.swift; sourceTree = "<group>"; };
		0958B9841DA5A29D008C4C37 /* PathKit.swift */ = {isa = PBXFileReference; fileEncoding = 4; lastKnownFileType = sourcecode.swift; path = PathKit.swift; sourceTree = "<group>"; };
		0980D9251D9FF8CF0088923B /* StringExtensions.swift */ = {isa = PBXFileReference; fileEncoding = 4; lastKnownFileType = sourcecode.swift; path = StringExtensions.swift; sourceTree = "<group>"; };
		0980D9361DA022760088923B /* Xcode.framework */ = {isa = PBXFileReference; lastKnownFileType = wrapper.framework; name = Xcode.framework; path = Carthage/Build/Mac/Xcode.framework; sourceTree = "<group>"; };
		0980D93F1DA026670088923B /* DipGenTest.xcodeproj */ = {isa = PBXFileReference; lastKnownFileType = "wrapper.pb-project"; name = DipGenTest.xcodeproj; path = DipGenTest/DipGenTest.xcodeproj; sourceTree = "<group>"; };
		0980D9591DA038920088923B /* Environment.swift */ = {isa = PBXFileReference; fileEncoding = 4; lastKnownFileType = sourcecode.swift; path = Environment.swift; sourceTree = "<group>"; };
		0980D95B1DA039020088923B /* XCProjectFileExtensions.swift */ = {isa = PBXFileReference; fileEncoding = 4; lastKnownFileType = sourcecode.swift; path = XCProjectFileExtensions.swift; sourceTree = "<group>"; };
		0980D96A1DA107AE0088923B /* dipgen.app */ = {isa = PBXFileReference; explicitFileType = wrapper.application; includeInIndex = 0; path = dipgen.app; sourceTree = BUILT_PRODUCTS_DIR; };
		0980D9731DA107AE0088923B /* Info.plist */ = {isa = PBXFileReference; lastKnownFileType = text.plist.xml; path = Info.plist; sourceTree = "<group>"; };
		0980D9901DA10D840088923B /* Components.plist */ = {isa = PBXFileReference; lastKnownFileType = text.plist.xml; path = Components.plist; sourceTree = "<group>"; };
		09AD60091DA6C53200AA0076 /* Dip.generated.stencil */ = {isa = PBXFileReference; fileEncoding = 4; lastKnownFileType = text; path = Dip.generated.stencil; sourceTree = "<group>"; };
		649CABF21D7ED9E700AA3C44 /* main.swift */ = {isa = PBXFileReference; lastKnownFileType = sourcecode.swift; path = main.swift; sourceTree = "<group>"; };
		649CABF91D7EDA3F00AA3C44 /* SourceKittenFramework.framework */ = {isa = PBXFileReference; lastKnownFileType = wrapper.framework; name = SourceKittenFramework.framework; path = Carthage/Build/Mac/SourceKittenFramework.framework; sourceTree = "<group>"; };
		649CABFA1D7EDA3F00AA3C44 /* SWXMLHash.framework */ = {isa = PBXFileReference; lastKnownFileType = wrapper.framework; name = SWXMLHash.framework; path = Carthage/Build/Mac/SWXMLHash.framework; sourceTree = "<group>"; };
		649CABFB1D7EDA3F00AA3C44 /* Yaml.framework */ = {isa = PBXFileReference; lastKnownFileType = wrapper.framework; name = Yaml.framework; path = Carthage/Build/Mac/Yaml.framework; sourceTree = "<group>"; };
/* End PBXFileReference section */

/* Begin PBXFrameworksBuildPhase section */
		0929935C1D9FE5C300DA3EB7 /* Frameworks */ = {
			isa = PBXFrameworksBuildPhase;
			buildActionMask = 2147483647;
			files = (
				0980D92C1DA008050088923B /* SourceKittenFramework.framework in Frameworks */,
				0980D92D1DA008050088923B /* SWXMLHash.framework in Frameworks */,
				0980D92E1DA008050088923B /* Yaml.framework in Frameworks */,
			);
			runOnlyForDeploymentPostprocessing = 0;
		};
		092993651D9FE5C400DA3EB7 /* Frameworks */ = {
			isa = PBXFrameworksBuildPhase;
			buildActionMask = 2147483647;
			files = (
				092993691D9FE5C400DA3EB7 /* DipGenFramework.framework in Frameworks */,
			);
			runOnlyForDeploymentPostprocessing = 0;
		};
		0980D9671DA107AE0088923B /* Frameworks */ = {
			isa = PBXFrameworksBuildPhase;
			buildActionMask = 2147483647;
			files = (
				0980D9821DA108DE0088923B /* DipGenFramework.framework in Frameworks */,
				0980D9831DA108E40088923B /* Xcode.framework in Frameworks */,
				0980D9841DA108E40088923B /* SourceKittenFramework.framework in Frameworks */,
				0980D9851DA108E40088923B /* SWXMLHash.framework in Frameworks */,
				0980D9861DA108E40088923B /* Yaml.framework in Frameworks */,
			);
			runOnlyForDeploymentPostprocessing = 0;
		};
/* End PBXFrameworksBuildPhase section */

/* Begin PBXGroup section */
		092993611D9FE5C400DA3EB7 /* DipGenFramework */ = {
			isa = PBXGroup;
			children = (
				0958B96B1DA5A276008C4C37 /* Stencil */,
				0980D9271DA006B70088923B /* Sources */,
				0980D9281DA006BD0088923B /* Supporting Files */,
			);
			path = DipGenFramework;
			sourceTree = "<group>";
		};
		0929936C1D9FE5C400DA3EB7 /* DipGenFrameworkTests */ = {
			isa = PBXGroup;
			children = (
				0980D9291DA006D30088923B /* Sources */,
				0980D92A1DA006D90088923B /* Supporting Files */,
			);
			path = DipGenFrameworkTests;
			sourceTree = "<group>";
		};
		0958B96B1DA5A276008C4C37 /* Stencil */ = {
			isa = PBXGroup;
			children = (
				0958B9841DA5A29D008C4C37 /* PathKit.swift */,
				0958B96C1DA5A276008C4C37 /* Context.swift */,
				0958B96D1DA5A276008C4C37 /* Filters.swift */,
				0958B96E1DA5A276008C4C37 /* Include.swift */,
				0958B96F1DA5A276008C4C37 /* Inheritence.swift */,
				0958B9701DA5A276008C4C37 /* Lexer.swift */,
				0958B9711DA5A276008C4C37 /* Namespace.swift */,
				0958B9721DA5A276008C4C37 /* Node.swift */,
				0958B9731DA5A276008C4C37 /* Parser.swift */,
				0958B9741DA5A276008C4C37 /* Template.swift */,
				0958B9751DA5A276008C4C37 /* TemplateLoader.swift */,
				0958B9761DA5A276008C4C37 /* Tokenizer.swift */,
				0958B9771DA5A276008C4C37 /* Variable.swift */,
			);
			path = Stencil;
			sourceTree = "<group>";
		};
		0980D9271DA006B70088923B /* Sources */ = {
			isa = PBXGroup;
			children = (
				0929937B1D9FE66600DA3EB7 /* Annotations.swift */,
				0929937F1D9FE72F00DA3EB7 /* CodeGenerator.swift */,
				0929937D1D9FE6F800DA3EB7 /* SourceKittenExtensions.swift */,
				0980D9251D9FF8CF0088923B /* StringExtensions.swift */,
				092993771D9FE5FC00DA3EB7 /* Templates.swift */,
				0958B9451DA5997D008C4C37 /* Dip.container.stencil */,
				09AD60091DA6C53200AA0076 /* Dip.generated.stencil */,
			);
			path = Sources;
			sourceTree = "<group>";
		};
		0980D9281DA006BD0088923B /* Supporting Files */ = {
			isa = PBXGroup;
			children = (
				092993621D9FE5C400DA3EB7 /* DipGenFramework.h */,
				092993631D9FE5C400DA3EB7 /* Info.plist */,
			);
			path = "Supporting Files";
			sourceTree = "<group>";
		};
		0980D9291DA006D30088923B /* Sources */ = {
			isa = PBXGroup;
			children = (
				0980D93F1DA026670088923B /* DipGenTest.xcodeproj */,
			);
			path = Sources;
			sourceTree = "<group>";
		};
		0980D92A1DA006D90088923B /* Supporting Files */ = {
			isa = PBXGroup;
			children = (
				0929936F1D9FE5C400DA3EB7 /* Info.plist */,
			);
			path = "Supporting Files";
			sourceTree = "<group>";
		};
		0980D9401DA026670088923B /* Products */ = {
			isa = PBXGroup;
			children = (
				09DEBC5D1DA026DB00FC81D9 /* DipGenTest.framework */,
			);
			name = Products;
			sourceTree = "<group>";
		};
		0980D96B1DA107AE0088923B /* dipgen */ = {
			isa = PBXGroup;
			children = (
				0980D9791DA107EA0088923B /* Supporting Files */,
				0980D9591DA038920088923B /* Environment.swift */,
				0980D95B1DA039020088923B /* XCProjectFileExtensions.swift */,
				649CABF21D7ED9E700AA3C44 /* main.swift */,
			);
			path = dipgen;
			sourceTree = "<group>";
		};
		0980D9791DA107EA0088923B /* Supporting Files */ = {
			isa = PBXGroup;
			children = (
				0980D9901DA10D840088923B /* Components.plist */,
				0980D9731DA107AE0088923B /* Info.plist */,
			);
			path = "Supporting Files";
			sourceTree = "<group>";
		};
		649CABE61D7ED9E700AA3C44 = {
			isa = PBXGroup;
			children = (
				092993611D9FE5C400DA3EB7 /* DipGenFramework */,
				0929936C1D9FE5C400DA3EB7 /* DipGenFrameworkTests */,
				649CABFF1D7EDA4500AA3C44 /* Frameworks */,
				649CABF01D7ED9E700AA3C44 /* Products */,
				0980D96B1DA107AE0088923B /* dipgen */,
			);
			sourceTree = "<group>";
		};
		649CABF01D7ED9E700AA3C44 /* Products */ = {
			isa = PBXGroup;
			children = (
				092993601D9FE5C300DA3EB7 /* DipGenFramework.framework */,
				092993681D9FE5C400DA3EB7 /* DipGenFrameworkTests.xctest */,
				0980D96A1DA107AE0088923B /* dipgen.app */,
			);
			name = Products;
			sourceTree = "<group>";
		};
		649CABFF1D7EDA4500AA3C44 /* Frameworks */ = {
			isa = PBXGroup;
			children = (
				0980D9361DA022760088923B /* Xcode.framework */,
				649CABF91D7EDA3F00AA3C44 /* SourceKittenFramework.framework */,
				649CABFA1D7EDA3F00AA3C44 /* SWXMLHash.framework */,
				649CABFB1D7EDA3F00AA3C44 /* Yaml.framework */,
			);
			name = Frameworks;
			sourceTree = "<group>";
		};
/* End PBXGroup section */

/* Begin PBXHeadersBuildPhase section */
		0929935D1D9FE5C300DA3EB7 /* Headers */ = {
			isa = PBXHeadersBuildPhase;
			buildActionMask = 2147483647;
			files = (
				092993701D9FE5C400DA3EB7 /* DipGenFramework.h in Headers */,
			);
			runOnlyForDeploymentPostprocessing = 0;
		};
/* End PBXHeadersBuildPhase section */

/* Begin PBXNativeTarget section */
		0929935F1D9FE5C300DA3EB7 /* DipGenFramework */ = {
			isa = PBXNativeTarget;
			buildConfigurationList = 092993711D9FE5C400DA3EB7 /* Build configuration list for PBXNativeTarget "DipGenFramework" */;
			buildPhases = (
				0929935B1D9FE5C300DA3EB7 /* Sources */,
				0929935C1D9FE5C300DA3EB7 /* Frameworks */,
				0929935D1D9FE5C300DA3EB7 /* Headers */,
				0929935E1D9FE5C300DA3EB7 /* Resources */,
			);
			buildRules = (
			);
			dependencies = (
			);
			name = DipGenFramework;
			productName = DipGenFramework;
			productReference = 092993601D9FE5C300DA3EB7 /* DipGenFramework.framework */;
			productType = "com.apple.product-type.framework";
		};
		092993671D9FE5C400DA3EB7 /* DipGenFrameworkTests */ = {
			isa = PBXNativeTarget;
			buildConfigurationList = 092993741D9FE5C400DA3EB7 /* Build configuration list for PBXNativeTarget "DipGenFrameworkTests" */;
			buildPhases = (
				092993641D9FE5C400DA3EB7 /* Sources */,
				092993651D9FE5C400DA3EB7 /* Frameworks */,
				092993661D9FE5C400DA3EB7 /* Resources */,
			);
			buildRules = (
			);
			dependencies = (
				0929936B1D9FE5C400DA3EB7 /* PBXTargetDependency */,
			);
			name = DipGenFrameworkTests;
			productName = DipGenFrameworkTests;
			productReference = 092993681D9FE5C400DA3EB7 /* DipGenFrameworkTests.xctest */;
			productType = "com.apple.product-type.bundle.unit-test";
		};
		0980D9691DA107AE0088923B /* dipgen */ = {
			isa = PBXNativeTarget;
			buildConfigurationList = 0980D9741DA107AE0088923B /* Build configuration list for PBXNativeTarget "dipgen" */;
			buildPhases = (
				0980D9661DA107AE0088923B /* Sources */,
				0980D9671DA107AE0088923B /* Frameworks */,
				0980D9871DA109320088923B /* Extract CLI Tool */,
				0980D9881DA1095F0088923B /* Embed Frameworks */,
				0980D98A1DA109830088923B /* Embed Frameworks into DipGenFramework */,
				0980D98F1DA109CE0088923B /* Embed Swift libraries into DipGenFramework.framework */,
			);
			buildRules = (
			);
			dependencies = (
				0980D97E1DA1089F0088923B /* PBXTargetDependency */,
			);
			name = dipgen;
			productName = dipgen;
			productReference = 0980D96A1DA107AE0088923B /* dipgen.app */;
			productType = "com.apple.product-type.application";
		};
/* End PBXNativeTarget section */

/* Begin PBXProject section */
		649CABE71D7ED9E700AA3C44 /* Project object */ = {
			isa = PBXProject;
			attributes = {
				LastSwiftUpdateCheck = 0800;
				LastUpgradeCheck = 0800;
				ORGANIZATIONNAME = "Ilya Puchka";
				TargetAttributes = {
					0929935F1D9FE5C300DA3EB7 = {
						CreatedOnToolsVersion = 8.0;
						LastSwiftMigration = 0800;
						ProvisioningStyle = Automatic;
					};
					092993671D9FE5C400DA3EB7 = {
						CreatedOnToolsVersion = 8.0;
						ProvisioningStyle = Automatic;
					};
					0980D9691DA107AE0088923B = {
						CreatedOnToolsVersion = 8.0;
						ProvisioningStyle = Automatic;
					};
				};
			};
			buildConfigurationList = 649CABEA1D7ED9E700AA3C44 /* Build configuration list for PBXProject "dipgen" */;
			compatibilityVersion = "Xcode 3.2";
			developmentRegion = English;
			hasScannedForEncodings = 0;
			knownRegions = (
				en,
				Base,
			);
			mainGroup = 649CABE61D7ED9E700AA3C44;
			productRefGroup = 649CABF01D7ED9E700AA3C44 /* Products */;
			projectDirPath = "";
			projectReferences = (
				{
					ProductGroup = 0980D9401DA026670088923B /* Products */;
					ProjectRef = 0980D93F1DA026670088923B /* DipGenTest.xcodeproj */;
				},
			);
			projectRoot = "";
			targets = (
				0980D9691DA107AE0088923B /* dipgen */,
				0929935F1D9FE5C300DA3EB7 /* DipGenFramework */,
				092993671D9FE5C400DA3EB7 /* DipGenFrameworkTests */,
			);
		};
/* End PBXProject section */

/* Begin PBXReferenceProxy section */
		09DEBC5D1DA026DB00FC81D9 /* DipGenTest.framework */ = {
			isa = PBXReferenceProxy;
			fileType = wrapper.framework;
			path = DipGenTest.framework;
			remoteRef = 09DEBC5C1DA026DB00FC81D9 /* PBXContainerItemProxy */;
			sourceTree = BUILT_PRODUCTS_DIR;
		};
/* End PBXReferenceProxy section */

/* Begin PBXResourcesBuildPhase section */
		0929935E1D9FE5C300DA3EB7 /* Resources */ = {
			isa = PBXResourcesBuildPhase;
			buildActionMask = 2147483647;
			files = (
				0958B9461DA5997D008C4C37 /* Dip.container.stencil in Resources */,
				09AD600A1DA6C53200AA0076 /* Dip.generated.stencil in Resources */,
			);
			runOnlyForDeploymentPostprocessing = 0;
		};
		092993661D9FE5C400DA3EB7 /* Resources */ = {
			isa = PBXResourcesBuildPhase;
			buildActionMask = 2147483647;
			files = (
			);
			runOnlyForDeploymentPostprocessing = 0;
		};
/* End PBXResourcesBuildPhase section */

/* Begin PBXShellScriptBuildPhase section */
		0980D9871DA109320088923B /* Extract CLI Tool */ = {
			isa = PBXShellScriptBuildPhase;
			buildActionMask = 2147483647;
			files = (
			);
			inputPaths = (
				"$(BUILT_PRODUCTS_DIR)/$(EXECUTABLE_PATH)",
			);
			name = "Extract CLI Tool";
			outputPaths = (
				"$(BUILT_PRODUCTS_DIR)/$(EXECUTABLE_NAME)",
			);
			runOnlyForDeploymentPostprocessing = 0;
			shellPath = /bin/sh;
			shellScript = ". script/extract-tool";
		};
		0980D98F1DA109CE0088923B /* Embed Swift libraries into DipGenFramework.framework */ = {
			isa = PBXShellScriptBuildPhase;
			buildActionMask = 2147483647;
			files = (
			);
			inputPaths = (
			);
			name = "Embed Swift libraries into DipGenFramework.framework";
			outputPaths = (
			);
			runOnlyForDeploymentPostprocessing = 0;
			shellPath = /bin/sh;
			shellScript = "cd \"$TARGET_BUILD_DIR\"\nFRAMEWORK_BUNDLE=\"$FRAMEWORKS_FOLDER_PATH/DipGenFramework.framework\"\n\nxcrun swift-stdlib-tool --copy --verbose --Xcodesign --timestamp=none \\\n--scan-executable \"$EXECUTABLE_PATH\" \\\n--scan-folder \"$FRAMEWORKS_FOLDER_PATH\" \\\n--platform macosx --destination \"$FRAMEWORK_BUNDLE/Versions/Current/Frameworks\" \\\n--strip-bitcode\n";
		};
/* End PBXShellScriptBuildPhase section */

/* Begin PBXSourcesBuildPhase section */
		0929935B1D9FE5C300DA3EB7 /* Sources */ = {
			isa = PBXSourcesBuildPhase;
			buildActionMask = 2147483647;
			files = (
				0958B98E1DA5A30E008C4C37 /* Template.swift in Sources */,
				0958B9911DA5A30E008C4C37 /* Variable.swift in Sources */,
				092993801D9FE72F00DA3EB7 /* CodeGenerator.swift in Sources */,
				0958B98F1DA5A30E008C4C37 /* TemplateLoader.swift in Sources */,
				0958B9871DA5A30E008C4C37 /* Filters.swift in Sources */,
				0958B9881DA5A30E008C4C37 /* Include.swift in Sources */,
				092993781D9FE5FC00DA3EB7 /* Templates.swift in Sources */,
				0980D9261D9FF8CF0088923B /* StringExtensions.swift in Sources */,
				0958B98C1DA5A30E008C4C37 /* Node.swift in Sources */,
				0958B98D1DA5A30E008C4C37 /* Parser.swift in Sources */,
				0958B98A1DA5A30E008C4C37 /* Lexer.swift in Sources */,
				0958B9861DA5A30E008C4C37 /* Context.swift in Sources */,
				0958B98B1DA5A30E008C4C37 /* Namespace.swift in Sources */,
				0958B9901DA5A30E008C4C37 /* Tokenizer.swift in Sources */,
				0958B9851DA5A29D008C4C37 /* PathKit.swift in Sources */,
				0929937C1D9FE66600DA3EB7 /* Annotations.swift in Sources */,
				0958B9891DA5A30E008C4C37 /* Inheritence.swift in Sources */,
				0929937E1D9FE6F800DA3EB7 /* SourceKittenExtensions.swift in Sources */,
			);
			runOnlyForDeploymentPostprocessing = 0;
		};
		092993641D9FE5C400DA3EB7 /* Sources */ = {
			isa = PBXSourcesBuildPhase;
			buildActionMask = 2147483647;
			files = (
			);
			runOnlyForDeploymentPostprocessing = 0;
		};
		0980D9661DA107AE0088923B /* Sources */ = {
			isa = PBXSourcesBuildPhase;
			buildActionMask = 2147483647;
			files = (
				0980D9801DA108AC0088923B /* XCProjectFileExtensions.swift in Sources */,
				0980D97F1DA108AC0088923B /* Environment.swift in Sources */,
				0980D9811DA108AC0088923B /* main.swift in Sources */,
			);
			runOnlyForDeploymentPostprocessing = 0;
		};
/* End PBXSourcesBuildPhase section */

/* Begin PBXTargetDependency section */
		0929936B1D9FE5C400DA3EB7 /* PBXTargetDependency */ = {
			isa = PBXTargetDependency;
			target = 0929935F1D9FE5C300DA3EB7 /* DipGenFramework */;
			targetProxy = 0929936A1D9FE5C400DA3EB7 /* PBXContainerItemProxy */;
		};
		0980D97E1DA1089F0088923B /* PBXTargetDependency */ = {
			isa = PBXTargetDependency;
			target = 0929935F1D9FE5C300DA3EB7 /* DipGenFramework */;
			targetProxy = 0980D97D1DA1089F0088923B /* PBXContainerItemProxy */;
		};
/* End PBXTargetDependency section */

/* Begin XCBuildConfiguration section */
		092993721D9FE5C400DA3EB7 /* Debug */ = {
			isa = XCBuildConfiguration;
			buildSettings = {
				CLANG_ENABLE_MODULES = YES;
				CLANG_WARN_DOCUMENTATION_COMMENTS = YES;
				CLANG_WARN_SUSPICIOUS_MOVES = YES;
				CODE_SIGN_IDENTITY = "";
				COMBINE_HIDPI_IMAGES = YES;
				CURRENT_PROJECT_VERSION = 1;
				DEFINES_MODULE = YES;
				DYLIB_COMPATIBILITY_VERSION = 1;
				DYLIB_CURRENT_VERSION = 1;
				DYLIB_INSTALL_NAME_BASE = "@rpath";
				FRAMEWORK_SEARCH_PATHS = (
					"$(inherited)",
					"$(PROJECT_DIR)/Carthage/Build/Mac",
				);
				FRAMEWORK_VERSION = A;
				INFOPLIST_FILE = "DipGenFramework/Supporting Files/Info.plist";
				INSTALL_PATH = "$(LOCAL_LIBRARY_DIR)/Frameworks";
				LD_RUNPATH_SEARCH_PATHS = "$(inherited) @executable_path/../Frameworks @loader_path/Frameworks";
				PRODUCT_BUNDLE_IDENTIFIER = me.puchka.DipGenFramework;
				PRODUCT_NAME = "$(TARGET_NAME)";
				SKIP_INSTALL = YES;
				SWIFT_ACTIVE_COMPILATION_CONDITIONS = DEBUG;
				SWIFT_OPTIMIZATION_LEVEL = "-Onone";
				VERSIONING_SYSTEM = "apple-generic";
				VERSION_INFO_PREFIX = "";
			};
			name = Debug;
		};
		092993731D9FE5C400DA3EB7 /* Release */ = {
			isa = XCBuildConfiguration;
			buildSettings = {
				CLANG_ENABLE_MODULES = YES;
				CLANG_WARN_DOCUMENTATION_COMMENTS = YES;
				CLANG_WARN_SUSPICIOUS_MOVES = YES;
				CODE_SIGN_IDENTITY = "";
				COMBINE_HIDPI_IMAGES = YES;
				CURRENT_PROJECT_VERSION = 1;
				DEFINES_MODULE = YES;
				DYLIB_COMPATIBILITY_VERSION = 1;
				DYLIB_CURRENT_VERSION = 1;
				DYLIB_INSTALL_NAME_BASE = "@rpath";
				FRAMEWORK_SEARCH_PATHS = (
					"$(inherited)",
					"$(PROJECT_DIR)/Carthage/Build/Mac",
				);
				FRAMEWORK_VERSION = A;
				INFOPLIST_FILE = "DipGenFramework/Supporting Files/Info.plist";
				INSTALL_PATH = "$(LOCAL_LIBRARY_DIR)/Frameworks";
				LD_RUNPATH_SEARCH_PATHS = "$(inherited) @executable_path/../Frameworks @loader_path/Frameworks";
				PRODUCT_BUNDLE_IDENTIFIER = me.puchka.DipGenFramework;
				PRODUCT_NAME = "$(TARGET_NAME)";
				SKIP_INSTALL = YES;
				VERSIONING_SYSTEM = "apple-generic";
				VERSION_INFO_PREFIX = "";
			};
			name = Release;
		};
		092993751D9FE5C400DA3EB7 /* Debug */ = {
			isa = XCBuildConfiguration;
			buildSettings = {
				ALWAYS_EMBED_SWIFT_STANDARD_LIBRARIES = YES;
				CLANG_WARN_DOCUMENTATION_COMMENTS = YES;
				CLANG_WARN_SUSPICIOUS_MOVES = YES;
				COMBINE_HIDPI_IMAGES = YES;
				INFOPLIST_FILE = "DipGenFrameworkTests/Supporting Files/Info.plist";
				LD_RUNPATH_SEARCH_PATHS = "$(inherited) @executable_path/../Frameworks @loader_path/../Frameworks";
				PRODUCT_BUNDLE_IDENTIFIER = me.puchka.DipGenFrameworkTests;
				PRODUCT_NAME = "$(TARGET_NAME)";
				SWIFT_ACTIVE_COMPILATION_CONDITIONS = DEBUG;
			};
			name = Debug;
		};
		092993761D9FE5C400DA3EB7 /* Release */ = {
			isa = XCBuildConfiguration;
			buildSettings = {
				ALWAYS_EMBED_SWIFT_STANDARD_LIBRARIES = YES;
				CLANG_WARN_DOCUMENTATION_COMMENTS = YES;
				CLANG_WARN_SUSPICIOUS_MOVES = YES;
				COMBINE_HIDPI_IMAGES = YES;
				INFOPLIST_FILE = "DipGenFrameworkTests/Supporting Files/Info.plist";
				LD_RUNPATH_SEARCH_PATHS = "$(inherited) @executable_path/../Frameworks @loader_path/../Frameworks";
				PRODUCT_BUNDLE_IDENTIFIER = me.puchka.DipGenFrameworkTests;
				PRODUCT_NAME = "$(TARGET_NAME)";
			};
			name = Release;
		};
		0980D9751DA107AE0088923B /* Debug */ = {
			isa = XCBuildConfiguration;
			buildSettings = {
				CLANG_WARN_DOCUMENTATION_COMMENTS = YES;
				CLANG_WARN_SUSPICIOUS_MOVES = YES;
				COMBINE_HIDPI_IMAGES = YES;
				FRAMEWORK_SEARCH_PATHS = (
					"$(inherited)",
					"$(PROJECT_DIR)/Carthage/Build/Mac",
				);
				INFOPLIST_FILE = "dipgen/Supporting Files/Info.plist";
				LD_RUNPATH_SEARCH_PATHS = "@executable_path/../Frameworks/DipGenFramework.framework/Versions/Current/Frameworks @executable_path/../Frameworks";
				PRODUCT_BUNDLE_IDENTIFIER = me.puchka.dipgen;
				PRODUCT_NAME = "$(TARGET_NAME)";
				SWIFT_ACTIVE_COMPILATION_CONDITIONS = DEBUG;
			};
			name = Debug;
		};
		0980D9761DA107AE0088923B /* Release */ = {
			isa = XCBuildConfiguration;
			buildSettings = {
				CLANG_WARN_DOCUMENTATION_COMMENTS = YES;
				CLANG_WARN_SUSPICIOUS_MOVES = YES;
				COMBINE_HIDPI_IMAGES = YES;
				FRAMEWORK_SEARCH_PATHS = (
					"$(inherited)",
					"$(PROJECT_DIR)/Carthage/Build/Mac",
				);
				INFOPLIST_FILE = "dipgen/Supporting Files/Info.plist";
				LD_RUNPATH_SEARCH_PATHS = "@executable_path/../Frameworks/DipGenFramework.framework/Versions/Current/Frameworks @executable_path/../Frameworks";
				PRODUCT_BUNDLE_IDENTIFIER = me.puchka.dipgen;
				PRODUCT_NAME = "$(TARGET_NAME)";
			};
			name = Release;
		};
		649CABF41D7ED9E700AA3C44 /* Debug */ = {
			isa = XCBuildConfiguration;
			buildSettings = {
				ALWAYS_SEARCH_USER_PATHS = NO;
				CLANG_ANALYZER_NONNULL = YES;
				CLANG_CXX_LANGUAGE_STANDARD = "gnu++0x";
				CLANG_CXX_LIBRARY = "libc++";
				CLANG_ENABLE_MODULES = YES;
				CLANG_ENABLE_OBJC_ARC = YES;
				CLANG_WARN_BOOL_CONVERSION = YES;
				CLANG_WARN_CONSTANT_CONVERSION = YES;
				CLANG_WARN_DIRECT_OBJC_ISA_USAGE = YES_ERROR;
				CLANG_WARN_EMPTY_BODY = YES;
				CLANG_WARN_ENUM_CONVERSION = YES;
				CLANG_WARN_INFINITE_RECURSION = YES;
				CLANG_WARN_INT_CONVERSION = YES;
				CLANG_WARN_OBJC_ROOT_CLASS = YES_ERROR;
				CLANG_WARN_SUSPICIOUS_MOVE = YES;
				CLANG_WARN_UNREACHABLE_CODE = YES;
				CLANG_WARN__DUPLICATE_METHOD_MATCH = YES;
				CODE_SIGN_IDENTITY = "-";
				COPY_PHASE_STRIP = NO;
				DEBUG_INFORMATION_FORMAT = dwarf;
				ENABLE_STRICT_OBJC_MSGSEND = YES;
				ENABLE_TESTABILITY = YES;
				GCC_C_LANGUAGE_STANDARD = gnu99;
				GCC_DYNAMIC_NO_PIC = NO;
				GCC_NO_COMMON_BLOCKS = YES;
				GCC_OPTIMIZATION_LEVEL = 0;
				GCC_PREPROCESSOR_DEFINITIONS = (
					"DEBUG=1",
					"$(inherited)",
				);
				GCC_WARN_64_TO_32_BIT_CONVERSION = YES;
				GCC_WARN_ABOUT_RETURN_TYPE = YES_ERROR;
				GCC_WARN_UNDECLARED_SELECTOR = YES;
				GCC_WARN_UNINITIALIZED_AUTOS = YES_AGGRESSIVE;
				GCC_WARN_UNUSED_FUNCTION = YES;
				GCC_WARN_UNUSED_VARIABLE = YES;
				MACOSX_DEPLOYMENT_TARGET = 10.11;
				MTL_ENABLE_DEBUG_INFO = YES;
				ONLY_ACTIVE_ARCH = YES;
				SDKROOT = macosx;
				SWIFT_OPTIMIZATION_LEVEL = "-Onone";
				SWIFT_VERSION = 2.3;
			};
			name = Debug;
		};
		649CABF51D7ED9E700AA3C44 /* Release */ = {
			isa = XCBuildConfiguration;
			buildSettings = {
				ALWAYS_SEARCH_USER_PATHS = NO;
				CLANG_ANALYZER_NONNULL = YES;
				CLANG_CXX_LANGUAGE_STANDARD = "gnu++0x";
				CLANG_CXX_LIBRARY = "libc++";
				CLANG_ENABLE_MODULES = YES;
				CLANG_ENABLE_OBJC_ARC = YES;
				CLANG_WARN_BOOL_CONVERSION = YES;
				CLANG_WARN_CONSTANT_CONVERSION = YES;
				CLANG_WARN_DIRECT_OBJC_ISA_USAGE = YES_ERROR;
				CLANG_WARN_EMPTY_BODY = YES;
				CLANG_WARN_ENUM_CONVERSION = YES;
				CLANG_WARN_INFINITE_RECURSION = YES;
				CLANG_WARN_INT_CONVERSION = YES;
				CLANG_WARN_OBJC_ROOT_CLASS = YES_ERROR;
				CLANG_WARN_SUSPICIOUS_MOVE = YES;
				CLANG_WARN_UNREACHABLE_CODE = YES;
				CLANG_WARN__DUPLICATE_METHOD_MATCH = YES;
				CODE_SIGN_IDENTITY = "-";
				COPY_PHASE_STRIP = NO;
				DEBUG_INFORMATION_FORMAT = "dwarf-with-dsym";
				ENABLE_NS_ASSERTIONS = NO;
				ENABLE_STRICT_OBJC_MSGSEND = YES;
				GCC_C_LANGUAGE_STANDARD = gnu99;
				GCC_NO_COMMON_BLOCKS = YES;
				GCC_WARN_64_TO_32_BIT_CONVERSION = YES;
				GCC_WARN_ABOUT_RETURN_TYPE = YES_ERROR;
				GCC_WARN_UNDECLARED_SELECTOR = YES;
				GCC_WARN_UNINITIALIZED_AUTOS = YES_AGGRESSIVE;
				GCC_WARN_UNUSED_FUNCTION = YES;
				GCC_WARN_UNUSED_VARIABLE = YES;
				MACOSX_DEPLOYMENT_TARGET = 10.11;
				MTL_ENABLE_DEBUG_INFO = NO;
				SDKROOT = macosx;
				SWIFT_OPTIMIZATION_LEVEL = "-Owholemodule";
				SWIFT_VERSION = 2.3;
			};
			name = Release;
		};
/* End XCBuildConfiguration section */

/* Begin XCConfigurationList section */
		092993711D9FE5C400DA3EB7 /* Build configuration list for PBXNativeTarget "DipGenFramework" */ = {
			isa = XCConfigurationList;
			buildConfigurations = (
				092993721D9FE5C400DA3EB7 /* Debug */,
				092993731D9FE5C400DA3EB7 /* Release */,
			);
			defaultConfigurationIsVisible = 0;
			defaultConfigurationName = Release;
		};
		092993741D9FE5C400DA3EB7 /* Build configuration list for PBXNativeTarget "DipGenFrameworkTests" */ = {
			isa = XCConfigurationList;
			buildConfigurations = (
				092993751D9FE5C400DA3EB7 /* Debug */,
				092993761D9FE5C400DA3EB7 /* Release */,
			);
			defaultConfigurationIsVisible = 0;
			defaultConfigurationName = Release;
		};
		0980D9741DA107AE0088923B /* Build configuration list for PBXNativeTarget "dipgen" */ = {
			isa = XCConfigurationList;
			buildConfigurations = (
				0980D9751DA107AE0088923B /* Debug */,
				0980D9761DA107AE0088923B /* Release */,
			);
			defaultConfigurationIsVisible = 0;
			defaultConfigurationName = Release;
		};
		649CABEA1D7ED9E700AA3C44 /* Build configuration list for PBXProject "dipgen" */ = {
			isa = XCConfigurationList;
			buildConfigurations = (
				649CABF41D7ED9E700AA3C44 /* Debug */,
				649CABF51D7ED9E700AA3C44 /* Release */,
			);
			defaultConfigurationIsVisible = 0;
			defaultConfigurationName = Release;
		};
/* End XCConfigurationList section */
	};
	rootObject = 649CABE71D7ED9E700AA3C44 /* Project object */;
}
